
Microsoft Visual Studio Solution File, Format Version 12.00
# Visual Studio Version 17
VisualStudioVersion = 17.5.002.0
MinimumVisualStudioVersion = 10.0.40219.1
Project("{FAE04EC0-301F-11D3-BF4B-00C04F79EFBC}") = "RPWA.Web", "RPWA.Web\RPWA.Web.csproj", "{69A5A94F-0B45-4D37-9618-AADEFF2C4702}"
EndProject
Global
	GlobalSection(SolutionConfigurationPlatforms) = preSolution
		Debug|Any CPU = Debug|Any CPU
		Release|Any CPU = Release|Any CPU
	EndGlobalSection
	GlobalSection(ProjectConfigurationPlatforms) = postSolution
		{69A5A94F-0B45-4D37-9618-AADEFF2C4702}.Debug|Any CPU.ActiveCfg = Debug|Any CPU
		{69A5A94F-0B45-4D37-9618-AADEFF2C4702}.Debug|Any CPU.Build.0 = Debug|Any CPU
		{69A5A94F-0B45-4D37-9618-AADEFF2C4702}.Release|Any CPU.ActiveCfg = Release|Any CPU
		{69A5A94F-0B45-4D37-9618-AADEFF2C4702}.Release|Any CPU.Build.0 = Release|Any CPU
	EndGlobalSection
	GlobalSection(SolutionProperties) = preSolution
		HideSolutionNode = FALSE
	EndGlobalSection
	GlobalSection(ExtensibilityGlobals) = postSolution
		SolutionGuid = {A5F26939-E23F-4E77-B260-31BFD52D61F4}
	EndGlobalSection
EndGlobal
